
Microsoft Visual Studio Solution File, Format Version 12.00
# Visual Studio Version 17
VisualStudioVersion = 17.13.35919.96
MinimumVisualStudioVersion = 10.0.40219.1
Project("{8BC9CEB8-8B4A-11D0-8D11-00A0C91BC942}") = "Program", "Program.vcxproj", "{6D2916DE-BCB9-4581-A488-754F5FEDC2A7}"
EndProject
Project("{8BC9CEB8-8B4A-11D0-8D11-00A0C91BC942}") = "Class 01th ( Time Complexity & Space Complexity )", "..\Class 01th ( Time Complexity & Space Complexity )\Class 01th ( Time Complexity & Space Complexity ).vcxproj", "{532D1F90-E8AF-4CC5-A52A-22A1283E4F7D}"
EndProject
Project("{8BC9CEB8-8B4A-11D0-8D11-00A0C91BC942}") = "Class 02th ( Brute Force )", "..\Class 02th ( Brute Force )\Class 02th ( Brute Force ).vcxproj", "{80CC30A1-2B32-4151-B1C5-4203F15FA3E7}"
EndProject
Project("{8BC9CEB8-8B4A-11D0-8D11-00A0C91BC942}") = "Class 03th ( Bubble Sort )", "..\Class 03th ( Bubble Sort )\Class 03th ( Bubble Sort ).vcxproj", "{B18B74FA-6534-4018-B930-11C105354D19}"
EndProject
Project("{8BC9CEB8-8B4A-11D0-8D11-00A0C91BC942}") = "Class 04th ( Select Sort )", "..\Class 04th ( Select Sort )\Class 04th ( Select Sort ).vcxproj", "{086A2D70-86BD-49E5-A957-2250C4A85964}"
EndProject
Project("{8BC9CEB8-8B4A-11D0-8D11-00A0C91BC942}") = "Class 05th ( Insert Sort )", "..\Class 05th ( Insert Sort )\Class 05th ( Insert Sort ).vcxproj", "{C0B03946-2E2A-49DD-9EE8-F09868073BBF}"
EndProject
Project("{8BC9CEB8-8B4A-11D0-8D11-00A0C91BC942}") = "Class 06th ( Euclidean )", "..\Class 06th ( Euclidean )\Class 06th ( Euclidean ).vcxproj", "{7B94430D-23E1-4BCF-BC9C-2857825CF9B8}"
EndProject
Project("{8BC9CEB8-8B4A-11D0-8D11-00A0C91BC942}") = "Class 07th ( Sieve of Eratosthenes )", "..\Class 07th ( Sieve of Eratosthenes )\Class 07th ( Sieve of Eratosthenes ).vcxproj", "{1AD6253E-AFE8-4F0A-85C5-54B56BF72DEA}"
EndProject
Project("{8BC9CEB8-8B4A-11D0-8D11-00A0C91BC942}") = "Class 08th ( Divide and Conquer )", "..\Class 08th ( Divide and Conquer )\Class 08th ( Divide and Conquer ).vcxproj", "{5E1A7411-6D67-4C4E-88B7-A4A711916D8E}"
EndProject
Project("{8BC9CEB8-8B4A-11D0-8D11-00A0C91BC942}") = "Class 09th ( Binary Search )", "..\Class 09th ( Binary Search )\Class 09th ( Binary Search ).vcxproj", "{127D894B-A9A2-432F-91A2-A2EEBED406A9}"
EndProject
Project("{8BC9CEB8-8B4A-11D0-8D11-00A0C91BC942}") = "Class 10th ( Count Sort )", "..\Class 10th ( Count Sort )\Class 10th ( Count Sort ).vcxproj", "{EAA63EDB-927F-4CAE-9E6A-0324BD83611E}"
EndProject
Project("{8BC9CEB8-8B4A-11D0-8D11-00A0C91BC942}") = "Class 11th ( Quick Sort )", "..\Class 11th ( Quick Sort )\Class 11th ( Quick Sort ).vcxproj", "{F0226E9E-6546-4315-8317-5025DC505AD1}"
EndProject
Project("{8BC9CEB8-8B4A-11D0-8D11-00A0C91BC942}") = "Class 12th( Merge Sort )", "..\Class 12th( Merge Sort )\Class 12th( Merge Sort ).vcxproj", "{9C5DD930-8503-49E8-9B18-D23E39EADFD4}"
EndProject
Project("{8BC9CEB8-8B4A-11D0-8D11-00A0C91BC942}") = "Class 13th ( Dynamic Programming )", "..\Class 13th ( Dynamic Programming )\Class 13th ( Dynamic Programming ).vcxproj", "{BBFABAEB-A4EB-4C19-9EC6-46F7AF8B79F5}"
EndProject
Project("{8BC9CEB8-8B4A-11D0-8D11-00A0C91BC942}") = "Class 14th ( Greedy Algorithm )", "..\Class 14th ( Greedy Algorithm )\Class 14th ( Greedy Algorithm ).vcxproj", "{82E98B54-71E9-451C-B0C1-977DA87E4EAA}"
EndProject
Project("{8BC9CEB8-8B4A-11D0-8D11-00A0C91BC942}") = "Class 15th ( Depth First Search )", "..\Class 15th ( Depth First Search )\Class 15th ( Depth First Search ).vcxproj", "{A7DCDE9D-4B02-48E9-B789-8545722779DC}"
EndProject
Project("{8BC9CEB8-8B4A-11D0-8D11-00A0C91BC942}") = "Class 16th ( Breadth First Search )", "..\Class 16th ( Breadth First Search )\Class 16th ( Breadth First Search ).vcxproj", "{1F82FD75-FC56-4454-81CF-399E56EA5EBD}"
EndProject
Global
	GlobalSection(SolutionConfigurationPlatforms) = preSolution
		Debug|x64 = Debug|x64
		Debug|x86 = Debug|x86
		Release|x64 = Release|x64
		Release|x86 = Release|x86
	EndGlobalSection
	GlobalSection(ProjectConfigurationPlatforms) = postSolution
		{6D2916DE-BCB9-4581-A488-754F5FEDC2A7}.Debug|x64.ActiveCfg = Debug|x64
		{6D2916DE-BCB9-4581-A488-754F5FEDC2A7}.Debug|x64.Build.0 = Debug|x64
		{6D2916DE-BCB9-4581-A488-754F5FEDC2A7}.Debug|x86.ActiveCfg = Debug|Win32
		{6D2916DE-BCB9-4581-A488-754F5FEDC2A7}.Debug|x86.Build.0 = Debug|Win32
		{6D2916DE-BCB9-4581-A488-754F5FEDC2A7}.Release|x64.ActiveCfg = Release|x64
		{6D2916DE-BCB9-4581-A488-754F5FEDC2A7}.Release|x64.Build.0 = Release|x64
		{6D2916DE-BCB9-4581-A488-754F5FEDC2A7}.Release|x86.ActiveCfg = Release|Win32
		{6D2916DE-BCB9-4581-A488-754F5FEDC2A7}.Release|x86.Build.0 = Release|Win32
		{532D1F90-E8AF-4CC5-A52A-22A1283E4F7D}.Debug|x64.ActiveCfg = Debug|x64
		{532D1F90-E8AF-4CC5-A52A-22A1283E4F7D}.Debug|x64.Build.0 = Debug|x64
		{532D1F90-E8AF-4CC5-A52A-22A1283E4F7D}.Debug|x86.ActiveCfg = Debug|Win32
		{532D1F90-E8AF-4CC5-A52A-22A1283E4F7D}.Debug|x86.Build.0 = Debug|Win32
		{532D1F90-E8AF-4CC5-A52A-22A1283E4F7D}.Release|x64.ActiveCfg = Release|x64
		{532D1F90-E8AF-4CC5-A52A-22A1283E4F7D}.Release|x64.Build.0 = Release|x64
		{532D1F90-E8AF-4CC5-A52A-22A1283E4F7D}.Release|x86.ActiveCfg = Release|Win32
		{532D1F90-E8AF-4CC5-A52A-22A1283E4F7D}.Release|x86.Build.0 = Release|Win32
		{80CC30A1-2B32-4151-B1C5-4203F15FA3E7}.Debug|x64.ActiveCfg = Debug|x64
		{80CC30A1-2B32-4151-B1C5-4203F15FA3E7}.Debug|x64.Build.0 = Debug|x64
		{80CC30A1-2B32-4151-B1C5-4203F15FA3E7}.Debug|x86.ActiveCfg = Debug|Win32
		{80CC30A1-2B32-4151-B1C5-4203F15FA3E7}.Debug|x86.Build.0 = Debug|Win32
		{80CC30A1-2B32-4151-B1C5-4203F15FA3E7}.Release|x64.ActiveCfg = Release|x64
		{80CC30A1-2B32-4151-B1C5-4203F15FA3E7}.Release|x64.Build.0 = Release|x64
		{80CC30A1-2B32-4151-B1C5-4203F15FA3E7}.Release|x86.ActiveCfg = Release|Win32
		{80CC30A1-2B32-4151-B1C5-4203F15FA3E7}.Release|x86.Build.0 = Release|Win32
		{B18B74FA-6534-4018-B930-11C105354D19}.Debug|x64.ActiveCfg = Debug|x64
		{B18B74FA-6534-4018-B930-11C105354D19}.Debug|x64.Build.0 = Debug|x64
		{B18B74FA-6534-4018-B930-11C105354D19}.Debug|x86.ActiveCfg = Debug|Win32
		{B18B74FA-6534-4018-B930-11C105354D19}.Debug|x86.Build.0 = Debug|Win32
		{B18B74FA-6534-4018-B930-11C105354D19}.Release|x64.ActiveCfg = Release|x64
		{B18B74FA-6534-4018-B930-11C105354D19}.Release|x64.Build.0 = Release|x64
		{B18B74FA-6534-4018-B930-11C105354D19}.Release|x86.ActiveCfg = Release|Win32
		{B18B74FA-6534-4018-B930-11C105354D19}.Release|x86.Build.0 = Release|Win32
		{086A2D70-86BD-49E5-A957-2250C4A85964}.Debug|x64.ActiveCfg = Debug|x64
		{086A2D70-86BD-49E5-A957-2250C4A85964}.Debug|x64.Build.0 = Debug|x64
		{086A2D70-86BD-49E5-A957-2250C4A85964}.Debug|x86.ActiveCfg = Debug|Win32
		{086A2D70-86BD-49E5-A957-2250C4A85964}.Debug|x86.Build.0 = Debug|Win32
		{086A2D70-86BD-49E5-A957-2250C4A85964}.Release|x64.ActiveCfg = Release|x64
		{086A2D70-86BD-49E5-A957-2250C4A85964}.Release|x64.Build.0 = Release|x64
		{086A2D70-86BD-49E5-A957-2250C4A85964}.Release|x86.ActiveCfg = Release|Win32
		{086A2D70-86BD-49E5-A957-2250C4A85964}.Release|x86.Build.0 = Release|Win32
		{C0B03946-2E2A-49DD-9EE8-F09868073BBF}.Debug|x64.ActiveCfg = Debug|x64
		{C0B03946-2E2A-49DD-9EE8-F09868073BBF}.Debug|x64.Build.0 = Debug|x64
		{C0B03946-2E2A-49DD-9EE8-F09868073BBF}.Debug|x86.ActiveCfg = Debug|Win32
		{C0B03946-2E2A-49DD-9EE8-F09868073BBF}.Debug|x86.Build.0 = Debug|Win32
		{C0B03946-2E2A-49DD-9EE8-F09868073BBF}.Release|x64.ActiveCfg = Release|x64
		{C0B03946-2E2A-49DD-9EE8-F09868073BBF}.Release|x64.Build.0 = Release|x64
		{C0B03946-2E2A-49DD-9EE8-F09868073BBF}.Release|x86.ActiveCfg = Release|Win32
		{C0B03946-2E2A-49DD-9EE8-F09868073BBF}.Release|x86.Build.0 = Release|Win32
		{7B94430D-23E1-4BCF-BC9C-2857825CF9B8}.Debug|x64.ActiveCfg = Debug|x64
		{7B94430D-23E1-4BCF-BC9C-2857825CF9B8}.Debug|x64.Build.0 = Debug|x64
		{7B94430D-23E1-4BCF-BC9C-2857825CF9B8}.Debug|x86.ActiveCfg = Debug|Win32
		{7B94430D-23E1-4BCF-BC9C-2857825CF9B8}.Debug|x86.Build.0 = Debug|Win32
		{7B94430D-23E1-4BCF-BC9C-2857825CF9B8}.Release|x64.ActiveCfg = Release|x64
		{7B94430D-23E1-4BCF-BC9C-2857825CF9B8}.Release|x64.Build.0 = Release|x64
		{7B94430D-23E1-4BCF-BC9C-2857825CF9B8}.Release|x86.ActiveCfg = Release|Win32
		{7B94430D-23E1-4BCF-BC9C-2857825CF9B8}.Release|x86.Build.0 = Release|Win32
		{1AD6253E-AFE8-4F0A-85C5-54B56BF72DEA}.Debug|x64.ActiveCfg = Debug|x64
		{1AD6253E-AFE8-4F0A-85C5-54B56BF72DEA}.Debug|x64.Build.0 = Debug|x64
		{1AD6253E-AFE8-4F0A-85C5-54B56BF72DEA}.Debug|x86.ActiveCfg = Debug|Win32
		{1AD6253E-AFE8-4F0A-85C5-54B56BF72DEA}.Debug|x86.Build.0 = Debug|Win32
		{1AD6253E-AFE8-4F0A-85C5-54B56BF72DEA}.Release|x64.ActiveCfg = Release|x64
		{1AD6253E-AFE8-4F0A-85C5-54B56BF72DEA}.Release|x64.Build.0 = Release|x64
		{1AD6253E-AFE8-4F0A-85C5-54B56BF72DEA}.Release|x86.ActiveCfg = Release|Win32
		{1AD6253E-AFE8-4F0A-85C5-54B56BF72DEA}.Release|x86.Build.0 = Release|Win32
		{5E1A7411-6D67-4C4E-88B7-A4A711916D8E}.Debug|x64.ActiveCfg = Debug|x64
		{5E1A7411-6D67-4C4E-88B7-A4A711916D8E}.Debug|x64.Build.0 = Debug|x64
		{5E1A7411-6D67-4C4E-88B7-A4A711916D8E}.Debug|x86.ActiveCfg = Debug|Win32
		{5E1A7411-6D67-4C4E-88B7-A4A711916D8E}.Debug|x86.Build.0 = Debug|Win32
		{5E1A7411-6D67-4C4E-88B7-A4A711916D8E}.Release|x64.ActiveCfg = Release|x64
		{5E1A7411-6D67-4C4E-88B7-A4A711916D8E}.Release|x64.Build.0 = Release|x64
		{5E1A7411-6D67-4C4E-88B7-A4A711916D8E}.Release|x86.ActiveCfg = Release|Win32
		{5E1A7411-6D67-4C4E-88B7-A4A711916D8E}.Release|x86.Build.0 = Release|Win32
		{127D894B-A9A2-432F-91A2-A2EEBED406A9}.Debug|x64.ActiveCfg = Debug|x64
		{127D894B-A9A2-432F-91A2-A2EEBED406A9}.Debug|x64.Build.0 = Debug|x64
		{127D894B-A9A2-432F-91A2-A2EEBED406A9}.Debug|x86.ActiveCfg = Debug|Win32
		{127D894B-A9A2-432F-91A2-A2EEBED406A9}.Debug|x86.Build.0 = Debug|Win32
		{127D894B-A9A2-432F-91A2-A2EEBED406A9}.Release|x64.ActiveCfg = Release|x64
		{127D894B-A9A2-432F-91A2-A2EEBED406A9}.Release|x64.Build.0 = Release|x64
		{127D894B-A9A2-432F-91A2-A2EEBED406A9}.Release|x86.ActiveCfg = Release|Win32
		{127D894B-A9A2-432F-91A2-A2EEBED406A9}.Release|x86.Build.0 = Release|Win32
		{EAA63EDB-927F-4CAE-9E6A-0324BD83611E}.Debug|x64.ActiveCfg = Debug|x64
		{EAA63EDB-927F-4CAE-9E6A-0324BD83611E}.Debug|x64.Build.0 = Debug|x64
		{EAA63EDB-927F-4CAE-9E6A-0324BD83611E}.Debug|x86.ActiveCfg = Debug|Win32
		{EAA63EDB-927F-4CAE-9E6A-0324BD83611E}.Debug|x86.Build.0 = Debug|Win32
		{EAA63EDB-927F-4CAE-9E6A-0324BD83611E}.Release|x64.ActiveCfg = Release|x64
		{EAA63EDB-927F-4CAE-9E6A-0324BD83611E}.Release|x64.Build.0 = Release|x64
		{EAA63EDB-927F-4CAE-9E6A-0324BD83611E}.Release|x86.ActiveCfg = Release|Win32
		{EAA63EDB-927F-4CAE-9E6A-0324BD83611E}.Release|x86.Build.0 = Release|Win32
		{F0226E9E-6546-4315-8317-5025DC505AD1}.Debug|x64.ActiveCfg = Debug|x64
		{F0226E9E-6546-4315-8317-5025DC505AD1}.Debug|x64.Build.0 = Debug|x64
		{F0226E9E-6546-4315-8317-5025DC505AD1}.Debug|x86.ActiveCfg = Debug|Win32
		{F0226E9E-6546-4315-8317-5025DC505AD1}.Debug|x86.Build.0 = Debug|Win32
		{F0226E9E-6546-4315-8317-5025DC505AD1}.Release|x64.ActiveCfg = Release|x64
		{F0226E9E-6546-4315-8317-5025DC505AD1}.Release|x64.Build.0 = Release|x64
		{F0226E9E-6546-4315-8317-5025DC505AD1}.Release|x86.ActiveCfg = Release|Win32
		{F0226E9E-6546-4315-8317-5025DC505AD1}.Release|x86.Build.0 = Release|Win32
		{9C5DD930-8503-49E8-9B18-D23E39EADFD4}.Debug|x64.ActiveCfg = Debug|x64
		{9C5DD930-8503-49E8-9B18-D23E39EADFD4}.Debug|x64.Build.0 = Debug|x64
		{9C5DD930-8503-49E8-9B18-D23E39EADFD4}.Debug|x86.ActiveCfg = Debug|Win32
		{9C5DD930-8503-49E8-9B18-D23E39EADFD4}.Debug|x86.Build.0 = Debug|Win32
		{9C5DD930-8503-49E8-9B18-D23E39EADFD4}.Release|x64.ActiveCfg = Release|x64
		{9C5DD930-8503-49E8-9B18-D23E39EADFD4}.Release|x64.Build.0 = Release|x64
		{9C5DD930-8503-49E8-9B18-D23E39EADFD4}.Release|x86.ActiveCfg = Release|Win32
		{9C5DD930-8503-49E8-9B18-D23E39EADFD4}.Release|x86.Build.0 = Release|Win32
		{BBFABAEB-A4EB-4C19-9EC6-46F7AF8B79F5}.Debug|x64.ActiveCfg = Debug|x64
		{BBFABAEB-A4EB-4C19-9EC6-46F7AF8B79F5}.Debug|x64.Build.0 = Debug|x64
		{BBFABAEB-A4EB-4C19-9EC6-46F7AF8B79F5}.Debug|x86.ActiveCfg = Debug|Win32
		{BBFABAEB-A4EB-4C19-9EC6-46F7AF8B79F5}.Debug|x86.Build.0 = Debug|Win32
		{BBFABAEB-A4EB-4C19-9EC6-46F7AF8B79F5}.Release|x64.ActiveCfg = Release|x64
		{BBFABAEB-A4EB-4C19-9EC6-46F7AF8B79F5}.Release|x64.Build.0 = Release|x64
		{BBFABAEB-A4EB-4C19-9EC6-46F7AF8B79F5}.Release|x86.ActiveCfg = Release|Win32
		{BBFABAEB-A4EB-4C19-9EC6-46F7AF8B79F5}.Release|x86.Build.0 = Release|Win32
		{82E98B54-71E9-451C-B0C1-977DA87E4EAA}.Debug|x64.ActiveCfg = Debug|x64
		{82E98B54-71E9-451C-B0C1-977DA87E4EAA}.Debug|x64.Build.0 = Debug|x64
		{82E98B54-71E9-451C-B0C1-977DA87E4EAA}.Debug|x86.ActiveCfg = Debug|Win32
		{82E98B54-71E9-451C-B0C1-977DA87E4EAA}.Debug|x86.Build.0 = Debug|Win32
		{82E98B54-71E9-451C-B0C1-977DA87E4EAA}.Release|x64.ActiveCfg = Release|x64
		{82E98B54-71E9-451C-B0C1-977DA87E4EAA}.Release|x64.Build.0 = Release|x64
		{82E98B54-71E9-451C-B0C1-977DA87E4EAA}.Release|x86.ActiveCfg = Release|Win32
		{82E98B54-71E9-451C-B0C1-977DA87E4EAA}.Release|x86.Build.0 = Release|Win32
		{A7DCDE9D-4B02-48E9-B789-8545722779DC}.Debug|x64.ActiveCfg = Debug|x64
		{A7DCDE9D-4B02-48E9-B789-8545722779DC}.Debug|x64.Build.0 = Debug|x64
		{A7DCDE9D-4B02-48E9-B789-8545722779DC}.Debug|x86.ActiveCfg = Debug|Win32
		{A7DCDE9D-4B02-48E9-B789-8545722779DC}.Debug|x86.Build.0 = Debug|Win32
		{A7DCDE9D-4B02-48E9-B789-8545722779DC}.Release|x64.ActiveCfg = Release|x64
		{A7DCDE9D-4B02-48E9-B789-8545722779DC}.Release|x64.Build.0 = Release|x64
		{A7DCDE9D-4B02-48E9-B789-8545722779DC}.Release|x86.ActiveCfg = Release|Win32
		{A7DCDE9D-4B02-48E9-B789-8545722779DC}.Release|x86.Build.0 = Release|Win32
		{1F82FD75-FC56-4454-81CF-399E56EA5EBD}.Debug|x64.ActiveCfg = Debug|x64
		{1F82FD75-FC56-4454-81CF-399E56EA5EBD}.Debug|x64.Build.0 = Debug|x64
		{1F82FD75-FC56-4454-81CF-399E56EA5EBD}.Debug|x86.ActiveCfg = Debug|Win32
		{1F82FD75-FC56-4454-81CF-399E56EA5EBD}.Debug|x86.Build.0 = Debug|Win32
		{1F82FD75-FC56-4454-81CF-399E56EA5EBD}.Release|x64.ActiveCfg = Release|x64
		{1F82FD75-FC56-4454-81CF-399E56EA5EBD}.Release|x64.Build.0 = Release|x64
		{1F82FD75-FC56-4454-81CF-399E56EA5EBD}.Release|x86.ActiveCfg = Release|Win32
		{1F82FD75-FC56-4454-81CF-399E56EA5EBD}.Release|x86.Build.0 = Release|Win32
	EndGlobalSection
	GlobalSection(SolutionProperties) = preSolution
		HideSolutionNode = FALSE
	EndGlobalSection
	GlobalSection(ExtensibilityGlobals) = postSolution
		SolutionGuid = {BC570347-AA26-48C0-BB7A-A93F233B64F8}
	EndGlobalSection
EndGlobal
